
Microsoft Visual Studio Solution File, Format Version 12.00
# Visual Studio Version 17
VisualStudioVersion = 17.14.36301.6 d17.14
MinimumVisualStudioVersion = 10.0.40219.1
Project("{FAE04EC0-301F-11D3-BF4B-00C04F79EFBC}") = "SmartTaskHub.API", "SmartTaskHub.API.csproj", "{A21032CF-B82C-4411-9992-14F3E90F1CD3}"
EndProject
Global
	GlobalSection(SolutionConfigurationPlatforms) = preSolution
		Debug|Any CPU = Debug|Any CPU
		Release|Any CPU = Release|Any CPU
	EndGlobalSection
	GlobalSection(ProjectConfigurationPlatforms) = postSolution
		{A21032CF-B82C-4411-9992-14F3E90F1CD3}.Debug|Any CPU.ActiveCfg = Debug|Any CPU
		{A21032CF-B82C-4411-9992-14F3E90F1CD3}.Debug|Any CPU.Build.0 = Debug|Any CPU
		{A21032CF-B82C-4411-9992-14F3E90F1CD3}.Release|Any CPU.ActiveCfg = Release|Any CPU
		{A21032CF-B82C-4411-9992-14F3E90F1CD3}.Release|Any CPU.Build.0 = Release|Any CPU
	EndGlobalSection
	GlobalSection(SolutionProperties) = preSolution
		HideSolutionNode = FALSE
	EndGlobalSection
	GlobalSection(ExtensibilityGlobals) = postSolution
		SolutionGuid = {D8AFBB80-A748-4BF5-98AA-1048E539B268}
	EndGlobalSection
EndGlobal
